// !$*UTF8*$!
{
	archiveVersion = 1;
	classes = {
	};
	objectVersion = 55;
	objects = {

/* Begin PBXBuildFile section */
		AD84D79B2CDCFBAD00D058C5 /* AppDelegate.swift in Sources */ = {isa = PBXBuildFile; fileRef = AD84D79A2CDCFBAD00D058C5 /* AppDelegate.swift */; };
		AD84D7A42CDCFBAE00D058C5 /* Assets.xcassets in Resources */ = {isa = PBXBuildFile; fileRef = AD84D7A32CDCFBAE00D058C5 /* Assets.xcassets */; };
		AD84D7A72CDCFBAE00D058C5 /* LaunchScreen.storyboard in Resources */ = {isa = PBXBuildFile; fileRef = AD84D7A52CDCFBAE00D058C5 /* LaunchScreen.storyboard */; };
		AD84D7B22CDCFBAF00D058C5 /* EarthQuakeTests.swift in Sources */ = {isa = PBXBuildFile; fileRef = AD84D7B12CDCFBAF00D058C5 /* EarthQuakeTests.swift */; };
		AD84D7BC2CDCFBAF00D058C5 /* EarthQuakeUITests.swift in Sources */ = {isa = PBXBuildFile; fileRef = AD84D7BB2CDCFBAF00D058C5 /* EarthQuakeUITests.swift */; };
		AD84D7BE2CDCFBAF00D058C5 /* EarthQuakeUITestsLaunchTests.swift in Sources */ = {isa = PBXBuildFile; fileRef = AD84D7BD2CDCFBAF00D058C5 /* EarthQuakeUITestsLaunchTests.swift */; };
		AD84D7CC2CDCFC6E00D058C5 /* MainViewController.swift in Sources */ = {isa = PBXBuildFile; fileRef = AD84D7CB2CDCFC6E00D058C5 /* MainViewController.swift */; };
		AD84D7D02CDCFF7200D058C5 /* EarthQuakeItemCell.swift in Sources */ = {isa = PBXBuildFile; fileRef = AD84D7CF2CDCFF7200D058C5 /* EarthQuakeItemCell.swift */; };
		AD84D7D22CDCFF8800D058C5 /* MainViewModel.swift in Sources */ = {isa = PBXBuildFile; fileRef = AD84D7D12CDCFF8800D058C5 /* MainViewModel.swift */; };
		AD84D7D52CDD069800D058C5 /* EarthQuake.swift in Sources */ = {isa = PBXBuildFile; fileRef = AD84D7D42CDD069800D058C5 /* EarthQuake.swift */; };
		AD84D7DB2CDD215B00D058C5 /* EarthquakeData.json in Resources */ = {isa = PBXBuildFile; fileRef = AD84D7DA2CDD215B00D058C5 /* EarthquakeData.json */; };
/* End PBXBuildFile section */

/* Begin PBXContainerItemProxy section */
		AD84D7AE2CDCFBAF00D058C5 /* PBXContainerItemProxy */ = {
			isa = PBXContainerItemProxy;
			containerPortal = AD84D78F2CDCFBAD00D058C5 /* Project object */;
			proxyType = 1;
			remoteGlobalIDString = AD84D7962CDCFBAD00D058C5;
			remoteInfo = EarthQuake;
		};
		AD84D7B82CDCFBAF00D058C5 /* PBXContainerItemProxy */ = {
			isa = PBXContainerItemProxy;
			containerPortal = AD84D78F2CDCFBAD00D058C5 /* Project object */;
			proxyType = 1;
			remoteGlobalIDString = AD84D7962CDCFBAD00D058C5;
			remoteInfo = EarthQuake;
		};
/* End PBXContainerItemProxy section */

/* Begin PBXFileReference section */
		AD84D7972CDCFBAD00D058C5 /* EarthQuake.app */ = {isa = PBXFileReference; explicitFileType = wrapper.application; includeInIndex = 0; path = EarthQuake.app; sourceTree = BUILT_PRODUCTS_DIR; };
		AD84D79A2CDCFBAD00D058C5 /* AppDelegate.swift */ = {isa = PBXFileReference; lastKnownFileType = sourcecode.swift; path = AppDelegate.swift; sourceTree = "<group>"; };
		AD84D7A32CDCFBAE00D058C5 /* Assets.xcassets */ = {isa = PBXFileReference; lastKnownFileType = folder.assetcatalog; path = Assets.xcassets; sourceTree = "<group>"; };
		AD84D7A62CDCFBAE00D058C5 /* Base */ = {isa = PBXFileReference; lastKnownFileType = file.storyboard; name = Base; path = Base.lproj/LaunchScreen.storyboard; sourceTree = "<group>"; };
		AD84D7A82CDCFBAE00D058C5 /* Info.plist */ = {isa = PBXFileReference; lastKnownFileType = text.plist.xml; path = Info.plist; sourceTree = "<group>"; };
		AD84D7AD2CDCFBAF00D058C5 /* EarthQuakeTests.xctest */ = {isa = PBXFileReference; explicitFileType = wrapper.cfbundle; includeInIndex = 0; path = EarthQuakeTests.xctest; sourceTree = BUILT_PRODUCTS_DIR; };
		AD84D7B12CDCFBAF00D058C5 /* EarthQuakeTests.swift */ = {isa = PBXFileReference; lastKnownFileType = sourcecode.swift; path = EarthQuakeTests.swift; sourceTree = "<group>"; };
		AD84D7B72CDCFBAF00D058C5 /* EarthQuakeUITests.xctest */ = {isa = PBXFileReference; explicitFileType = wrapper.cfbundle; includeInIndex = 0; path = EarthQuakeUITests.xctest; sourceTree = BUILT_PRODUCTS_DIR; };
		AD84D7BB2CDCFBAF00D058C5 /* EarthQuakeUITests.swift */ = {isa = PBXFileReference; lastKnownFileType = sourcecode.swift; path = EarthQuakeUITests.swift; sourceTree = "<group>"; };
		AD84D7BD2CDCFBAF00D058C5 /* EarthQuakeUITestsLaunchTests.swift */ = {isa = PBXFileReference; lastKnownFileType = sourcecode.swift; path = EarthQuakeUITestsLaunchTests.swift; sourceTree = "<group>"; };
		AD84D7CB2CDCFC6E00D058C5 /* MainViewController.swift */ = {isa = PBXFileReference; lastKnownFileType = sourcecode.swift; path = MainViewController.swift; sourceTree = "<group>"; };
		AD84D7CF2CDCFF7200D058C5 /* EarthQuakeItemCell.swift */ = {isa = PBXFileReference; lastKnownFileType = sourcecode.swift; path = EarthQuakeItemCell.swift; sourceTree = "<group>"; };
		AD84D7D12CDCFF8800D058C5 /* MainViewModel.swift */ = {isa = PBXFileReference; lastKnownFileType = sourcecode.swift; path = MainViewModel.swift; sourceTree = "<group>"; };
		AD84D7D42CDD069800D058C5 /* EarthQuake.swift */ = {isa = PBXFileReference; lastKnownFileType = sourcecode.swift; path = EarthQuake.swift; sourceTree = "<group>"; };
		AD84D7DA2CDD215B00D058C5 /* EarthquakeData.json */ = {isa = PBXFileReference; fileEncoding = 4; lastKnownFileType = text.json; path = EarthquakeData.json; sourceTree = "<group>"; };
/* End PBXFileReference section */

/* Begin PBXFrameworksBuildPhase section */
		AD84D7942CDCFBAD00D058C5 /* Frameworks */ = {
			isa = PBXFrameworksBuildPhase;
			buildActionMask = 2147483647;
			files = (
			);
			runOnlyForDeploymentPostprocessing = 0;
		};
		AD84D7AA2CDCFBAF00D058C5 /* Frameworks */ = {
			isa = PBXFrameworksBuildPhase;
			buildActionMask = 2147483647;
			files = (
			);
			runOnlyForDeploymentPostprocessing = 0;
		};
		AD84D7B42CDCFBAF00D058C5 /* Frameworks */ = {
			isa = PBXFrameworksBuildPhase;
			buildActionMask = 2147483647;
			files = (
			);
			runOnlyForDeploymentPostprocessing = 0;
		};
/* End PBXFrameworksBuildPhase section */

/* Begin PBXGroup section */
		AD84D78E2CDCFBAD00D058C5 = {
			isa = PBXGroup;
			children = (
				AD84D7992CDCFBAD00D058C5 /* EarthQuake */,
				AD84D7B02CDCFBAF00D058C5 /* EarthQuakeTests */,
				AD84D7BA2CDCFBAF00D058C5 /* EarthQuakeUITests */,
				AD84D7982CDCFBAD00D058C5 /* Products */,
			);
			sourceTree = "<group>";
		};
		AD84D7982CDCFBAD00D058C5 /* Products */ = {
			isa = PBXGroup;
			children = (
				AD84D7972CDCFBAD00D058C5 /* EarthQuake.app */,
				AD84D7AD2CDCFBAF00D058C5 /* EarthQuakeTests.xctest */,
				AD84D7B72CDCFBAF00D058C5 /* EarthQuakeUITests.xctest */,
			);
			name = Products;
			sourceTree = "<group>";
		};
		AD84D7992CDCFBAD00D058C5 /* EarthQuake */ = {
			isa = PBXGroup;
			children = (
				AD84D7CA2CDCFC5B00D058C5 /* Main */,
				AD84D79A2CDCFBAD00D058C5 /* AppDelegate.swift */,
				AD84D7A32CDCFBAE00D058C5 /* Assets.xcassets */,
				AD84D7A52CDCFBAE00D058C5 /* LaunchScreen.storyboard */,
				AD84D7A82CDCFBAE00D058C5 /* Info.plist */,
			);
			path = EarthQuake;
			sourceTree = "<group>";
		};
		AD84D7B02CDCFBAF00D058C5 /* EarthQuakeTests */ = {
			isa = PBXGroup;
			children = (
				AD84D7DA2CDD215B00D058C5 /* EarthquakeData.json */,
				AD84D7B12CDCFBAF00D058C5 /* EarthQuakeTests.swift */,
			);
			path = EarthQuakeTests;
			sourceTree = "<group>";
		};
		AD84D7BA2CDCFBAF00D058C5 /* EarthQuakeUITests */ = {
			isa = PBXGroup;
			children = (
				AD84D7BB2CDCFBAF00D058C5 /* EarthQuakeUITests.swift */,
				AD84D7BD2CDCFBAF00D058C5 /* EarthQuakeUITestsLaunchTests.swift */,
			);
			path = EarthQuakeUITests;
			sourceTree = "<group>";
		};
		AD84D7CA2CDCFC5B00D058C5 /* Main */ = {
			isa = PBXGroup;
			children = (
				AD84D7CE2CDCFF3F00D058C5 /* Logic */,
				AD84D7CD2CDCFF2C00D058C5 /* View */,
				AD84D7CB2CDCFC6E00D058C5 /* MainViewController.swift */,
			);
			path = Main;
			sourceTree = "<group>";
		};
		AD84D7CD2CDCFF2C00D058C5 /* View */ = {
			isa = PBXGroup;
			children = (
				AD84D7CF2CDCFF7200D058C5 /* EarthQuakeItemCell.swift */,
			);
			path = View;
			sourceTree = "<group>";
		};
		AD84D7CE2CDCFF3F00D058C5 /* Logic */ = {
			isa = PBXGroup;
			children = (
				AD84D7D32CDD064B00D058C5 /* Model */,
				AD84D7D12CDCFF8800D058C5 /* MainViewModel.swift */,
			);
			path = Logic;
			sourceTree = "<group>";
		};
		AD84D7D32CDD064B00D058C5 /* Model */ = {
			isa = PBXGroup;
			children = (
				AD84D7D42CDD069800D058C5 /* EarthQuake.swift */,
			);
			path = Model;
			sourceTree = "<group>";
		};
/* End PBXGroup section */

/* Begin PBXNativeTarget section */
		AD84D7962CDCFBAD00D058C5 /* EarthQuake */ = {
			isa = PBXNativeTarget;
			buildConfigurationList = AD84D7C12CDCFBAF00D058C5 /* Build configuration list for PBXNativeTarget "EarthQuake" */;
			buildPhases = (
				AD84D7932CDCFBAD00D058C5 /* Sources */,
				AD84D7942CDCFBAD00D058C5 /* Frameworks */,
				AD84D7952CDCFBAD00D058C5 /* Resources */,
			);
			buildRules = (
			);
			dependencies = (
			);
			name = EarthQuake;
			productName = EarthQuake;
			productReference = AD84D7972CDCFBAD00D058C5 /* EarthQuake.app */;
			productType = "com.apple.product-type.application";
		};
		AD84D7AC2CDCFBAF00D058C5 /* EarthQuakeTests */ = {
			isa = PBXNativeTarget;
			buildConfigurationList = AD84D7C42CDCFBAF00D058C5 /* Build configuration list for PBXNativeTarget "EarthQuakeTests" */;
			buildPhases = (
				AD84D7A92CDCFBAF00D058C5 /* Sources */,
				AD84D7AA2CDCFBAF00D058C5 /* Frameworks */,
				AD84D7AB2CDCFBAF00D058C5 /* Resources */,
			);
			buildRules = (
			);
			dependencies = (
				AD84D7AF2CDCFBAF00D058C5 /* PBXTargetDependency */,
			);
			name = EarthQuakeTests;
			productName = EarthQuakeTests;
			productReference = AD84D7AD2CDCFBAF00D058C5 /* EarthQuakeTests.xctest */;
			productType = "com.apple.product-type.bundle.unit-test";
		};
		AD84D7B62CDCFBAF00D058C5 /* EarthQuakeUITests */ = {
			isa = PBXNativeTarget;
			buildConfigurationList = AD84D7C72CDCFBAF00D058C5 /* Build configuration list for PBXNativeTarget "EarthQuakeUITests" */;
			buildPhases = (
				AD84D7B32CDCFBAF00D058C5 /* Sources */,
				AD84D7B42CDCFBAF00D058C5 /* Frameworks */,
				AD84D7B52CDCFBAF00D058C5 /* Resources */,
			);
			buildRules = (
			);
			dependencies = (
				AD84D7B92CDCFBAF00D058C5 /* PBXTargetDependency */,
			);
			name = EarthQuakeUITests;
			productName = EarthQuakeUITests;
			productReference = AD84D7B72CDCFBAF00D058C5 /* EarthQuakeUITests.xctest */;
			productType = "com.apple.product-type.bundle.ui-testing";
		};
/* End PBXNativeTarget section */

/* Begin PBXProject section */
		AD84D78F2CDCFBAD00D058C5 /* Project object */ = {
			isa = PBXProject;
			attributes = {
				BuildIndependentTargetsInParallel = 1;
				LastSwiftUpdateCheck = 1340;
				LastUpgradeCheck = 1340;
				TargetAttributes = {
					AD84D7962CDCFBAD00D058C5 = {
						CreatedOnToolsVersion = 13.4.1;
					};
					AD84D7AC2CDCFBAF00D058C5 = {
						CreatedOnToolsVersion = 13.4.1;
						TestTargetID = AD84D7962CDCFBAD00D058C5;
					};
					AD84D7B62CDCFBAF00D058C5 = {
						CreatedOnToolsVersion = 13.4.1;
						TestTargetID = AD84D7962CDCFBAD00D058C5;
					};
				};
			};
			buildConfigurationList = AD84D7922CDCFBAD00D058C5 /* Build configuration list for PBXProject "EarthQuake" */;
			compatibilityVersion = "Xcode 13.0";
			developmentRegion = en;
			hasScannedForEncodings = 0;
			knownRegions = (
				en,
				Base,
			);
			mainGroup = AD84D78E2CDCFBAD00D058C5;
			productRefGroup = AD84D7982CDCFBAD00D058C5 /* Products */;
			projectDirPath = "";
			projectRoot = "";
			targets = (
				AD84D7962CDCFBAD00D058C5 /* EarthQuake */,
				AD84D7AC2CDCFBAF00D058C5 /* EarthQuakeTests */,
				AD84D7B62CDCFBAF00D058C5 /* EarthQuakeUITests */,
			);
		};
/* End PBXProject section */

/* Begin PBXResourcesBuildPhase section */
		AD84D7952CDCFBAD00D058C5 /* Resources */ = {
			isa = PBXResourcesBuildPhase;
			buildActionMask = 2147483647;
			files = (
				AD84D7A72CDCFBAE00D058C5 /* LaunchScreen.storyboard in Resources */,
				AD84D7A42CDCFBAE00D058C5 /* Assets.xcassets in Resources */,
			);
			runOnlyForDeploymentPostprocessing = 0;
		};
		AD84D7AB2CDCFBAF00D058C5 /* Resources */ = {
			isa = PBXResourcesBuildPhase;
			buildActionMask = 2147483647;
			files = (
				AD84D7DB2CDD215B00D058C5 /* EarthquakeData.json in Resources */,
			);
			runOnlyForDeploymentPostprocessing = 0;
		};
		AD84D7B52CDCFBAF00D058C5 /* Resources */ = {
			isa = PBXResourcesBuildPhase;
			buildActionMask = 2147483647;
			files = (
			);
			runOnlyForDeploymentPostprocessing = 0;
		};
/* End PBXResourcesBuildPhase section */

/* Begin PBXSourcesBuildPhase section */
		AD84D7932CDCFBAD00D058C5 /* Sources */ = {
			isa = PBXSourcesBuildPhase;
			buildActionMask = 2147483647;
			files = (
				AD84D7CC2CDCFC6E00D058C5 /* MainViewController.swift in Sources */,
				AD84D79B2CDCFBAD00D058C5 /* AppDelegate.swift in Sources */,
				AD84D7D02CDCFF7200D058C5 /* EarthQuakeItemCell.swift in Sources */,
				AD84D7D22CDCFF8800D058C5 /* MainViewModel.swift in Sources */,
				AD84D7D52CDD069800D058C5 /* EarthQuake.swift in Sources */,
			);
			runOnlyForDeploymentPostprocessing = 0;
		};
		AD84D7A92CDCFBAF00D058C5 /* Sources */ = {
			isa = PBXSourcesBuildPhase;
			buildActionMask = 2147483647;
			files = (
				AD84D7B22CDCFBAF00D058C5 /* EarthQuakeTests.swift in Sources */,
			);
			runOnlyForDeploymentPostprocessing = 0;
		};
		AD84D7B32CDCFBAF00D058C5 /* Sources */ = {
			isa = PBXSourcesBuildPhase;
			buildActionMask = 2147483647;
			files = (
				AD84D7BC2CDCFBAF00D058C5 /* EarthQuakeUITests.swift in Sources */,
				AD84D7BE2CDCFBAF00D058C5 /* EarthQuakeUITestsLaunchTests.swift in Sources */,
			);
			runOnlyForDeploymentPostprocessing = 0;
		};
/* End PBXSourcesBuildPhase section */

/* Begin PBXTargetDependency section */
		AD84D7AF2CDCFBAF00D058C5 /* PBXTargetDependency */ = {
			isa = PBXTargetDependency;
			target = AD84D7962CDCFBAD00D058C5 /* EarthQuake */;
			targetProxy = AD84D7AE2CDCFBAF00D058C5 /* PBXContainerItemProxy */;
		};
		AD84D7B92CDCFBAF00D058C5 /* PBXTargetDependency */ = {
			isa = PBXTargetDependency;
			target = AD84D7962CDCFBAD00D058C5 /* EarthQuake */;
			targetProxy = AD84D7B82CDCFBAF00D058C5 /* PBXContainerItemProxy */;
		};
/* End PBXTargetDependency section */

/* Begin PBXVariantGroup section */
		AD84D7A52CDCFBAE00D058C5 /* LaunchScreen.storyboard */ = {
			isa = PBXVariantGroup;
			children = (
				AD84D7A62CDCFBAE00D058C5 /* Base */,
			);
			name = LaunchScreen.storyboard;
			sourceTree = "<group>";
		};
/* End PBXVariantGroup section */

/* Begin XCBuildConfiguration section */
		AD84D7BF2CDCFBAF00D058C5 /* Debug */ = {
			isa = XCBuildConfiguration;
			buildSettings = {
				ALWAYS_SEARCH_USER_PATHS = NO;
				CLANG_ANALYZER_NONNULL = YES;
				CLANG_ANALYZER_NUMBER_OBJECT_CONVERSION = YES_AGGRESSIVE;
				CLANG_CXX_LANGUAGE_STANDARD = "gnu++17";
				CLANG_ENABLE_MODULES = YES;
				CLANG_ENABLE_OBJC_ARC = YES;
				CLANG_ENABLE_OBJC_WEAK = YES;
				CLANG_WARN_BLOCK_CAPTURE_AUTORELEASING = YES;
				CLANG_WARN_BOOL_CONVERSION = YES;
				CLANG_WARN_COMMA = YES;
				CLANG_WARN_CONSTANT_CONVERSION = YES;
				CLANG_WARN_DEPRECATED_OBJC_IMPLEMENTATIONS = YES;
				CLANG_WARN_DIRECT_OBJC_ISA_USAGE = YES_ERROR;
				CLANG_WARN_DOCUMENTATION_COMMENTS = YES;
				CLANG_WARN_EMPTY_BODY = YES;
				CLANG_WARN_ENUM_CONVERSION = YES;
				CLANG_WARN_INFINITE_RECURSION = YES;
				CLANG_WARN_INT_CONVERSION = YES;
				CLANG_WARN_NON_LITERAL_NULL_CONVERSION = YES;
				CLANG_WARN_OBJC_IMPLICIT_RETAIN_SELF = YES;
				CLANG_WARN_OBJC_LITERAL_CONVERSION = YES;
				CLANG_WARN_OBJC_ROOT_CLASS = YES_ERROR;
				CLANG_WARN_QUOTED_INCLUDE_IN_FRAMEWORK_HEADER = YES;
				CLANG_WARN_RANGE_LOOP_ANALYSIS = YES;
				CLANG_WARN_STRICT_PROTOTYPES = YES;
				CLANG_WARN_SUSPICIOUS_MOVE = YES;
				CLANG_WARN_UNGUARDED_AVAILABILITY = YES_AGGRESSIVE;
				CLANG_WARN_UNREACHABLE_CODE = YES;
				CLANG_WARN__DUPLICATE_METHOD_MATCH = YES;
				COPY_PHASE_STRIP = NO;
				DEBUG_INFORMATION_FORMAT = dwarf;
				ENABLE_STRICT_OBJC_MSGSEND = YES;
				ENABLE_TESTABILITY = YES;
				GCC_C_LANGUAGE_STANDARD = gnu11;
				GCC_DYNAMIC_NO_PIC = NO;
				GCC_NO_COMMON_BLOCKS = YES;
				GCC_OPTIMIZATION_LEVEL = 0;
				GCC_PREPROCESSOR_DEFINITIONS = (
					"DEBUG=1",
					"$(inherited)",
				);
				GCC_WARN_64_TO_32_BIT_CONVERSION = YES;
				GCC_WARN_ABOUT_RETURN_TYPE = YES_ERROR;
				GCC_WARN_UNDECLARED_SELECTOR = YES;
				GCC_WARN_UNINITIALIZED_AUTOS = YES_AGGRESSIVE;
				GCC_WARN_UNUSED_FUNCTION = YES;
				GCC_WARN_UNUSED_VARIABLE = YES;
				IPHONEOS_DEPLOYMENT_TARGET = 15.5;
				MTL_ENABLE_DEBUG_INFO = INCLUDE_SOURCE;
				MTL_FAST_MATH = YES;
				ONLY_ACTIVE_ARCH = YES;
				SDKROOT = iphoneos;
				SWIFT_ACTIVE_COMPILATION_CONDITIONS = DEBUG;
				SWIFT_OPTIMIZATION_LEVEL = "-Onone";
			};
			name = Debug;
		};
		AD84D7C02CDCFBAF00D058C5 /* Release */ = {
			isa = XCBuildConfiguration;
			buildSettings = {
				ALWAYS_SEARCH_USER_PATHS = NO;
				CLANG_ANALYZER_NONNULL = YES;
				CLANG_ANALYZER_NUMBER_OBJECT_CONVERSION = YES_AGGRESSIVE;
				CLANG_CXX_LANGUAGE_STANDARD = "gnu++17";
				CLANG_ENABLE_MODULES = YES;
				CLANG_ENABLE_OBJC_ARC = YES;
				CLANG_ENABLE_OBJC_WEAK = YES;
				CLANG_WARN_BLOCK_CAPTURE_AUTORELEASING = YES;
				CLANG_WARN_BOOL_CONVERSION = YES;
				CLANG_WARN_COMMA = YES;
				CLANG_WARN_CONSTANT_CONVERSION = YES;
				CLANG_WARN_DEPRECATED_OBJC_IMPLEMENTATIONS = YES;
				CLANG_WARN_DIRECT_OBJC_ISA_USAGE = YES_ERROR;
				CLANG_WARN_DOCUMENTATION_COMMENTS = YES;
				CLANG_WARN_EMPTY_BODY = YES;
				CLANG_WARN_ENUM_CONVERSION = YES;
				CLANG_WARN_INFINITE_RECURSION = YES;
				CLANG_WARN_INT_CONVERSION = YES;
				CLANG_WARN_NON_LITERAL_NULL_CONVERSION = YES;
				CLANG_WARN_OBJC_IMPLICIT_RETAIN_SELF = YES;
				CLANG_WARN_OBJC_LITERAL_CONVERSION = YES;
				CLANG_WARN_OBJC_ROOT_CLASS = YES_ERROR;
				CLANG_WARN_QUOTED_INCLUDE_IN_FRAMEWORK_HEADER = YES;
				CLANG_WARN_RANGE_LOOP_ANALYSIS = YES;
				CLANG_WARN_STRICT_PROTOTYPES = YES;
				CLANG_WARN_SUSPICIOUS_MOVE = YES;
				CLANG_WARN_UNGUARDED_AVAILABILITY = YES_AGGRESSIVE;
				CLANG_WARN_UNREACHABLE_CODE = YES;
				CLANG_WARN__DUPLICATE_METHOD_MATCH = YES;
				COPY_PHASE_STRIP = NO;
				DEBUG_INFORMATION_FORMAT = "dwarf-with-dsym";
				ENABLE_NS_ASSERTIONS = NO;
				ENABLE_STRICT_OBJC_MSGSEND = YES;
				GCC_C_LANGUAGE_STANDARD = gnu11;
				GCC_NO_COMMON_BLOCKS = YES;
				GCC_WARN_64_TO_32_BIT_CONVERSION = YES;
				GCC_WARN_ABOUT_RETURN_TYPE = YES_ERROR;
				GCC_WARN_UNDECLARED_SELECTOR = YES;
				GCC_WARN_UNINITIALIZED_AUTOS = YES_AGGRESSIVE;
				GCC_WARN_UNUSED_FUNCTION = YES;
				GCC_WARN_UNUSED_VARIABLE = YES;
				IPHONEOS_DEPLOYMENT_TARGET = 15.5;
				MTL_ENABLE_DEBUG_INFO = NO;
				MTL_FAST_MATH = YES;
				SDKROOT = iphoneos;
				SWIFT_COMPILATION_MODE = wholemodule;
				SWIFT_OPTIMIZATION_LEVEL = "-O";
				VALIDATE_PRODUCT = YES;
			};
			name = Release;
		};
		AD84D7C22CDCFBAF00D058C5 /* Debug */ = {
			isa = XCBuildConfiguration;
			buildSettings = {
				ASSETCATALOG_COMPILER_APPICON_NAME = AppIcon;
				ASSETCATALOG_COMPILER_GLOBAL_ACCENT_COLOR_NAME = AccentColor;
				CODE_SIGN_STYLE = Automatic;
				CURRENT_PROJECT_VERSION = 1;
				GENERATE_INFOPLIST_FILE = YES;
				INFOPLIST_FILE = EarthQuake/Info.plist;
				INFOPLIST_KEY_UIApplicationSupportsIndirectInputEvents = YES;
				INFOPLIST_KEY_UILaunchStoryboardName = LaunchScreen;
				INFOPLIST_KEY_UIMainStoryboardFile = "";
				INFOPLIST_KEY_UISupportedInterfaceOrientations_iPad = "UIInterfaceOrientationPortrait UIInterfaceOrientationPortraitUpsideDown UIInterfaceOrientationLandscapeLeft UIInterfaceOrientationLandscapeRight";
				INFOPLIST_KEY_UISupportedInterfaceOrientations_iPhone = "UIInterfaceOrientationPortrait UIInterfaceOrientationLandscapeLeft UIInterfaceOrientationLandscapeRight";
				LD_RUNPATH_SEARCH_PATHS = (
					"$(inherited)",
					"@executable_path/Frameworks",
				);
				MARKETING_VERSION = 1.0;
				PRODUCT_BUNDLE_IDENTIFIER = com.layne.EarthQuake;
				PRODUCT_NAME = "$(TARGET_NAME)";
				SWIFT_EMIT_LOC_STRINGS = YES;
				SWIFT_VERSION = 5.0;
				TARGETED_DEVICE_FAMILY = "1,2";
			};
			name = Debug;
		};
		AD84D7C32CDCFBAF00D058C5 /* Release */ = {
			isa = XCBuildConfiguration;
			buildSettings = {
				ASSETCATALOG_COMPILER_APPICON_NAME = AppIcon;
				ASSETCATALOG_COMPILER_GLOBAL_ACCENT_COLOR_NAME = AccentColor;
				CODE_SIGN_STYLE = Automatic;
				CURRENT_PROJECT_VERSION = 1;
				GENERATE_INFOPLIST_FILE = YES;
				INFOPLIST_FILE = EarthQuake/Info.plist;
				INFOPLIST_KEY_UIApplicationSupportsIndirectInputEvents = YES;
				INFOPLIST_KEY_UILaunchStoryboardName = LaunchScreen;
				INFOPLIST_KEY_UIMainStoryboardFile = "";
				INFOPLIST_KEY_UISupportedInterfaceOrientations_iPad = "UIInterfaceOrientationPortrait UIInterfaceOrientationPortraitUpsideDown UIInterfaceOrientationLandscapeLeft UIInterfaceOrientationLandscapeRight";
				INFOPLIST_KEY_UISupportedInterfaceOrientations_iPhone = "UIInterfaceOrientationPortrait UIInterfaceOrientationLandscapeLeft UIInterfaceOrientationLandscapeRight";
				LD_RUNPATH_SEARCH_PATHS = (
					"$(inherited)",
					"@executable_path/Frameworks",
				);
				MARKETING_VERSION = 1.0;
				PRODUCT_BUNDLE_IDENTIFIER = com.layne.EarthQuake;
				PRODUCT_NAME = "$(TARGET_NAME)";
				SWIFT_EMIT_LOC_STRINGS = YES;
				SWIFT_VERSION = 5.0;
				TARGETED_DEVICE_FAMILY = "1,2";
			};
			name = Release;
		};
		AD84D7C52CDCFBAF00D058C5 /* Debug */ = {
			isa = XCBuildConfiguration;
			buildSettings = {
				ALWAYS_EMBED_SWIFT_STANDARD_LIBRARIES = YES;
				BUNDLE_LOADER = "$(TEST_HOST)";
				CODE_SIGN_STYLE = Automatic;
				CURRENT_PROJECT_VERSION = 1;
				GENERATE_INFOPLIST_FILE = YES;
				IPHONEOS_DEPLOYMENT_TARGET = 15.5;
				MARKETING_VERSION = 1.0;
				PRODUCT_BUNDLE_IDENTIFIER = com.layne.EarthQuakeTests;
				PRODUCT_NAME = "$(TARGET_NAME)";
				SWIFT_EMIT_LOC_STRINGS = NO;
				SWIFT_VERSION = 5.0;
				TARGETED_DEVICE_FAMILY = "1,2";
				TEST_HOST = "$(BUILT_PRODUCTS_DIR)/EarthQuake.app/EarthQuake";
			};
			name = Debug;
		};
		AD84D7C62CDCFBAF00D058C5 /* Release */ = {
			isa = XCBuildConfiguration;
			buildSettings = {
				ALWAYS_EMBED_SWIFT_STANDARD_LIBRARIES = YES;
				BUNDLE_LOADER = "$(TEST_HOST)";
				CODE_SIGN_STYLE = Automatic;
				CURRENT_PROJECT_VERSION = 1;
				GENERATE_INFOPLIST_FILE = YES;
				IPHONEOS_DEPLOYMENT_TARGET = 15.5;
				MARKETING_VERSION = 1.0;
				PRODUCT_BUNDLE_IDENTIFIER = com.layne.EarthQuakeTests;
				PRODUCT_NAME = "$(TARGET_NAME)";
				SWIFT_EMIT_LOC_STRINGS = NO;
				SWIFT_VERSION = 5.0;
				TARGETED_DEVICE_FAMILY = "1,2";
				TEST_HOST = "$(BUILT_PRODUCTS_DIR)/EarthQuake.app/EarthQuake";
			};
			name = Release;
		};
		AD84D7C82CDCFBAF00D058C5 /* Debug */ = {
			isa = XCBuildConfiguration;
			buildSettings = {
				ALWAYS_EMBED_SWIFT_STANDARD_LIBRARIES = YES;
				CODE_SIGN_STYLE = Automatic;
				CURRENT_PROJECT_VERSION = 1;
				GENERATE_INFOPLIST_FILE = YES;
				MARKETING_VERSION = 1.0;
				PRODUCT_BUNDLE_IDENTIFIER = com.layne.EarthQuakeUITests;
				PRODUCT_NAME = "$(TARGET_NAME)";
				SWIFT_EMIT_LOC_STRINGS = NO;
				SWIFT_VERSION = 5.0;
				TARGETED_DEVICE_FAMILY = "1,2";
				TEST_TARGET_NAME = EarthQuake;
			};
			name = Debug;
		};
		AD84D7C92CDCFBAF00D058C5 /* Release */ = {
			isa = XCBuildConfiguration;
			buildSettings = {
				ALWAYS_EMBED_SWIFT_STANDARD_LIBRARIES = YES;
				CODE_SIGN_STYLE = Automatic;
				CURRENT_PROJECT_VERSION = 1;
				GENERATE_INFOPLIST_FILE = YES;
				MARKETING_VERSION = 1.0;
				PRODUCT_BUNDLE_IDENTIFIER = com.layne.EarthQuakeUITests;
				PRODUCT_NAME = "$(TARGET_NAME)";
				SWIFT_EMIT_LOC_STRINGS = NO;
				SWIFT_VERSION = 5.0;
				TARGETED_DEVICE_FAMILY = "1,2";
				TEST_TARGET_NAME = EarthQuake;
			};
			name = Release;
		};
/* End XCBuildConfiguration section */

/* Begin XCConfigurationList section */
		AD84D7922CDCFBAD00D058C5 /* Build configuration list for PBXProject "EarthQuake" */ = {
			isa = XCConfigurationList;
			buildConfigurations = (
				AD84D7BF2CDCFBAF00D058C5 /* Debug */,
				AD84D7C02CDCFBAF00D058C5 /* Release */,
			);
			defaultConfigurationIsVisible = 0;
			defaultConfigurationName = Release;
		};
		AD84D7C12CDCFBAF00D058C5 /* Build configuration list for PBXNativeTarget "EarthQuake" */ = {
			isa = XCConfigurationList;
			buildConfigurations = (
				AD84D7C22CDCFBAF00D058C5 /* Debug */,
				AD84D7C32CDCFBAF00D058C5 /* Release */,
			);
			defaultConfigurationIsVisible = 0;
			defaultConfigurationName = Release;
		};
		AD84D7C42CDCFBAF00D058C5 /* Build configuration list for PBXNativeTarget "EarthQuakeTests" */ = {
			isa = XCConfigurationList;
			buildConfigurations = (
				AD84D7C52CDCFBAF00D058C5 /* Debug */,
				AD84D7C62CDCFBAF00D058C5 /* Release */,
			);
			defaultConfigurationIsVisible = 0;
			defaultConfigurationName = Release;
		};
		AD84D7C72CDCFBAF00D058C5 /* Build configuration list for PBXNativeTarget "EarthQuakeUITests" */ = {
			isa = XCConfigurationList;
			buildConfigurations = (
				AD84D7C82CDCFBAF00D058C5 /* Debug */,
				AD84D7C92CDCFBAF00D058C5 /* Release */,
			);
			defaultConfigurationIsVisible = 0;
			defaultConfigurationName = Release;
		};
/* End XCConfigurationList section */
	};
	rootObject = AD84D78F2CDCFBAD00D058C5 /* Project object */;
}
